
Microsoft Visual Studio Solution File, Format Version 12.00
# Visual Studio Version 17
VisualStudioVersion = 17.14.36414.22 d17.14
MinimumVisualStudioVersion = 10.0.40219.1
Project("{FAE04EC0-301F-11D3-BF4B-00C04F79EFBC}") = "Chess", "Chess\Chess.csproj", "{0A743F32-0DEF-4833-B3BD-BF969B9397B4}"
EndProject
Project("{FAE04EC0-301F-11D3-BF4B-00C04F79EFBC}") = "ChessLogic", "ChessLogic\ChessLogic.csproj", "{D53D1D4B-128D-4CCC-90AB-7DDC79B12715}"
EndProject
Project("{FAE04EC0-301F-11D3-BF4B-00C04F79EFBC}") = "CheessUI", "CheessUI\CheessUI.csproj", "{02ADEF0D-33EC-41E8-AB41-1D8051C213B8}"
EndProject
Global
	GlobalSection(SolutionConfigurationPlatforms) = preSolution
		Debug|Any CPU = Debug|Any CPU
		Release|Any CPU = Release|Any CPU
	EndGlobalSection
	GlobalSection(ProjectConfigurationPlatforms) = postSolution
		{0A743F32-0DEF-4833-B3BD-BF969B9397B4}.Debug|Any CPU.ActiveCfg = Debug|Any CPU
		{0A743F32-0DEF-4833-B3BD-BF969B9397B4}.Debug|Any CPU.Build.0 = Debug|Any CPU
		{0A743F32-0DEF-4833-B3BD-BF969B9397B4}.Release|Any CPU.ActiveCfg = Release|Any CPU
		{0A743F32-0DEF-4833-B3BD-BF969B9397B4}.Release|Any CPU.Build.0 = Release|Any CPU
		{D53D1D4B-128D-4CCC-90AB-7DDC79B12715}.Debug|Any CPU.ActiveCfg = Debug|Any CPU
		{D53D1D4B-128D-4CCC-90AB-7DDC79B12715}.Debug|Any CPU.Build.0 = Debug|Any CPU
		{D53D1D4B-128D-4CCC-90AB-7DDC79B12715}.Release|Any CPU.ActiveCfg = Release|Any CPU
		{D53D1D4B-128D-4CCC-90AB-7DDC79B12715}.Release|Any CPU.Build.0 = Release|Any CPU
		{02ADEF0D-33EC-41E8-AB41-1D8051C213B8}.Debug|Any CPU.ActiveCfg = Debug|Any CPU
		{02ADEF0D-33EC-41E8-AB41-1D8051C213B8}.Debug|Any CPU.Build.0 = Debug|Any CPU
		{02ADEF0D-33EC-41E8-AB41-1D8051C213B8}.Release|Any CPU.ActiveCfg = Release|Any CPU
		{02ADEF0D-33EC-41E8-AB41-1D8051C213B8}.Release|Any CPU.Build.0 = Release|Any CPU
	EndGlobalSection
	GlobalSection(SolutionProperties) = preSolution
		HideSolutionNode = FALSE
	EndGlobalSection
	GlobalSection(ExtensibilityGlobals) = postSolution
		SolutionGuid = {6C4E323C-5ABD-4C67-9D04-12C4144C4DFB}
	EndGlobalSection
EndGlobal
